// !$*UTF8*$!
{
	archiveVersion = 1;
	classes = {
	};
	objectVersion = 56;
	objects = {

/* Begin PBXBuildFile section */
		9401B6782A8EB69B00F662EB /* RMService.swift in Sources */ = {isa = PBXBuildFile; fileRef = 9401B6772A8EB69B00F662EB /* RMService.swift */; };
		9401B67A2A8EB6B500F662EB /* RMRequest.swift in Sources */ = {isa = PBXBuildFile; fileRef = 9401B6792A8EB6B500F662EB /* RMRequest.swift */; };
		9401B67C2A8EB7EC00F662EB /* RMEndpoint.swift in Sources */ = {isa = PBXBuildFile; fileRef = 9401B67B2A8EB7EC00F662EB /* RMEndpoint.swift */; };
		9461CF062A8E7E040021598A /* AppDelegate.swift in Sources */ = {isa = PBXBuildFile; fileRef = 9461CF052A8E7E040021598A /* AppDelegate.swift */; };
		9461CF082A8E7E040021598A /* SceneDelegate.swift in Sources */ = {isa = PBXBuildFile; fileRef = 9461CF072A8E7E040021598A /* SceneDelegate.swift */; };
		9461CF0A2A8E7E040021598A /* RMTabBarViewController.swift in Sources */ = {isa = PBXBuildFile; fileRef = 9461CF092A8E7E040021598A /* RMTabBarViewController.swift */; };
		9461CF0F2A8E7E070021598A /* Assets.xcassets in Resources */ = {isa = PBXBuildFile; fileRef = 9461CF0E2A8E7E070021598A /* Assets.xcassets */; };
		9461CF122A8E7E070021598A /* LaunchScreen.storyboard in Resources */ = {isa = PBXBuildFile; fileRef = 9461CF102A8E7E070021598A /* LaunchScreen.storyboard */; };
		9461CF212A8E822E0021598A /* RMLocation.swift in Sources */ = {isa = PBXBuildFile; fileRef = 9461CF202A8E822E0021598A /* RMLocation.swift */; };
		9461CF232A8E82560021598A /* RMCharacter.swift in Sources */ = {isa = PBXBuildFile; fileRef = 9461CF222A8E82560021598A /* RMCharacter.swift */; };
		9461CF252A8E82700021598A /* RMEpisode.swift in Sources */ = {isa = PBXBuildFile; fileRef = 9461CF242A8E82700021598A /* RMEpisode.swift */; };
		9461CF282A8E838E0021598A /* RMCharacterViewController.swift in Sources */ = {isa = PBXBuildFile; fileRef = 9461CF272A8E838E0021598A /* RMCharacterViewController.swift */; };
		9461CF2A2A8E83B70021598A /* RMEpisodeViewController.swift in Sources */ = {isa = PBXBuildFile; fileRef = 9461CF292A8E83B70021598A /* RMEpisodeViewController.swift */; };
		9461CF2C2A8E83DC0021598A /* RMSettingsViewController.swift in Sources */ = {isa = PBXBuildFile; fileRef = 9461CF2B2A8E83DC0021598A /* RMSettingsViewController.swift */; };
		9461CF2E2A8E85460021598A /* RMLocationViewController.swift in Sources */ = {isa = PBXBuildFile; fileRef = 9461CF2D2A8E85460021598A /* RMLocationViewController.swift */; };
/* End PBXBuildFile section */

/* Begin PBXFileReference section */
		9401B6772A8EB69B00F662EB /* RMService.swift */ = {isa = PBXFileReference; lastKnownFileType = sourcecode.swift; path = RMService.swift; sourceTree = "<group>"; };
		9401B6792A8EB6B500F662EB /* RMRequest.swift */ = {isa = PBXFileReference; lastKnownFileType = sourcecode.swift; path = RMRequest.swift; sourceTree = "<group>"; };
		9401B67B2A8EB7EC00F662EB /* RMEndpoint.swift */ = {isa = PBXFileReference; lastKnownFileType = sourcecode.swift; path = RMEndpoint.swift; sourceTree = "<group>"; };
		9461CF022A8E7E040021598A /* RickAndMorty.app */ = {isa = PBXFileReference; explicitFileType = wrapper.application; includeInIndex = 0; path = RickAndMorty.app; sourceTree = BUILT_PRODUCTS_DIR; };
		9461CF052A8E7E040021598A /* AppDelegate.swift */ = {isa = PBXFileReference; lastKnownFileType = sourcecode.swift; path = AppDelegate.swift; sourceTree = "<group>"; };
		9461CF072A8E7E040021598A /* SceneDelegate.swift */ = {isa = PBXFileReference; lastKnownFileType = sourcecode.swift; path = SceneDelegate.swift; sourceTree = "<group>"; };
		9461CF092A8E7E040021598A /* RMTabBarViewController.swift */ = {isa = PBXFileReference; lastKnownFileType = sourcecode.swift; path = RMTabBarViewController.swift; sourceTree = "<group>"; };
		9461CF0E2A8E7E070021598A /* Assets.xcassets */ = {isa = PBXFileReference; lastKnownFileType = folder.assetcatalog; path = Assets.xcassets; sourceTree = "<group>"; };
		9461CF112A8E7E070021598A /* Base */ = {isa = PBXFileReference; lastKnownFileType = file.storyboard; name = Base; path = Base.lproj/LaunchScreen.storyboard; sourceTree = "<group>"; };
		9461CF132A8E7E070021598A /* Info.plist */ = {isa = PBXFileReference; lastKnownFileType = text.plist.xml; path = Info.plist; sourceTree = "<group>"; };
		9461CF202A8E822E0021598A /* RMLocation.swift */ = {isa = PBXFileReference; lastKnownFileType = sourcecode.swift; path = RMLocation.swift; sourceTree = "<group>"; };
		9461CF222A8E82560021598A /* RMCharacter.swift */ = {isa = PBXFileReference; lastKnownFileType = sourcecode.swift; path = RMCharacter.swift; sourceTree = "<group>"; };
		9461CF242A8E82700021598A /* RMEpisode.swift */ = {isa = PBXFileReference; lastKnownFileType = sourcecode.swift; path = RMEpisode.swift; sourceTree = "<group>"; };
		9461CF272A8E838E0021598A /* RMCharacterViewController.swift */ = {isa = PBXFileReference; lastKnownFileType = sourcecode.swift; path = RMCharacterViewController.swift; sourceTree = "<group>"; };
		9461CF292A8E83B70021598A /* RMEpisodeViewController.swift */ = {isa = PBXFileReference; lastKnownFileType = sourcecode.swift; path = RMEpisodeViewController.swift; sourceTree = "<group>"; };
		9461CF2B2A8E83DC0021598A /* RMSettingsViewController.swift */ = {isa = PBXFileReference; lastKnownFileType = sourcecode.swift; path = RMSettingsViewController.swift; sourceTree = "<group>"; };
		9461CF2D2A8E85460021598A /* RMLocationViewController.swift */ = {isa = PBXFileReference; lastKnownFileType = sourcecode.swift; path = RMLocationViewController.swift; sourceTree = "<group>"; };
/* End PBXFileReference section */

/* Begin PBXFrameworksBuildPhase section */
		9461CEFF2A8E7E040021598A /* Frameworks */ = {
			isa = PBXFrameworksBuildPhase;
			buildActionMask = 2147483647;
			files = (
			);
			runOnlyForDeploymentPostprocessing = 0;
		};
/* End PBXFrameworksBuildPhase section */

/* Begin PBXGroup section */
		9461CEF92A8E7E040021598A = {
			isa = PBXGroup;
			children = (
				9461CF042A8E7E040021598A /* RickAndMorty */,
				9461CF032A8E7E040021598A /* Products */,
			);
			sourceTree = "<group>";
		};
		9461CF032A8E7E040021598A /* Products */ = {
			isa = PBXGroup;
			children = (
				9461CF022A8E7E040021598A /* RickAndMorty.app */,
			);
			name = Products;
			sourceTree = "<group>";
		};
		9461CF042A8E7E040021598A /* RickAndMorty */ = {
			isa = PBXGroup;
			children = (
				9461CF1F2A8E81260021598A /* APIClient */,
				9461CF1E2A8E81190021598A /* Resources */,
				9461CF1D2A8E80FD0021598A /* Managers */,
				9461CF1C2A8E80E50021598A /* Controllers */,
				9461CF1B2A8E80D80021598A /* Models */,
				9461CF1A2A8E80C80021598A /* ViewModels */,
				9461CF192A8E80BA0021598A /* Views */,
				9461CF132A8E7E070021598A /* Info.plist */,
			);
			path = RickAndMorty;
			sourceTree = "<group>";
		};
		9461CF192A8E80BA0021598A /* Views */ = {
			isa = PBXGroup;
			children = (
			);
			path = Views;
			sourceTree = "<group>";
		};
		9461CF1A2A8E80C80021598A /* ViewModels */ = {
			isa = PBXGroup;
			children = (
			);
			path = ViewModels;
			sourceTree = "<group>";
		};
		9461CF1B2A8E80D80021598A /* Models */ = {
			isa = PBXGroup;
			children = (
				9461CF202A8E822E0021598A /* RMLocation.swift */,
				9461CF222A8E82560021598A /* RMCharacter.swift */,
				9461CF242A8E82700021598A /* RMEpisode.swift */,
			);
			path = Models;
			sourceTree = "<group>";
		};
		9461CF1C2A8E80E50021598A /* Controllers */ = {
			isa = PBXGroup;
			children = (
				9461CF262A8E83050021598A /* Core */,
			);
			path = Controllers;
			sourceTree = "<group>";
		};
		9461CF1D2A8E80FD0021598A /* Managers */ = {
			isa = PBXGroup;
			children = (
			);
			path = Managers;
			sourceTree = "<group>";
		};
		9461CF1E2A8E81190021598A /* Resources */ = {
			isa = PBXGroup;
			children = (
				9461CF0E2A8E7E070021598A /* Assets.xcassets */,
				9461CF102A8E7E070021598A /* LaunchScreen.storyboard */,
				9461CF052A8E7E040021598A /* AppDelegate.swift */,
				9461CF072A8E7E040021598A /* SceneDelegate.swift */,
			);
			path = Resources;
			sourceTree = "<group>";
		};
		9461CF1F2A8E81260021598A /* APIClient */ = {
			isa = PBXGroup;
			children = (
				9401B6772A8EB69B00F662EB /* RMService.swift */,
				9401B6792A8EB6B500F662EB /* RMRequest.swift */,
				9401B67B2A8EB7EC00F662EB /* RMEndpoint.swift */,
			);
			path = APIClient;
			sourceTree = "<group>";
		};
		9461CF262A8E83050021598A /* Core */ = {
			isa = PBXGroup;
			children = (
				9461CF272A8E838E0021598A /* RMCharacterViewController.swift */,
				9461CF292A8E83B70021598A /* RMEpisodeViewController.swift */,
				9461CF092A8E7E040021598A /* RMTabBarViewController.swift */,
				9461CF2B2A8E83DC0021598A /* RMSettingsViewController.swift */,
				9461CF2D2A8E85460021598A /* RMLocationViewController.swift */,
			);
			path = Core;
			sourceTree = "<group>";
		};
/* End PBXGroup section */

/* Begin PBXNativeTarget section */
		9461CF012A8E7E040021598A /* RickAndMorty */ = {
			isa = PBXNativeTarget;
			buildConfigurationList = 9461CF162A8E7E080021598A /* Build configuration list for PBXNativeTarget "RickAndMorty" */;
			buildPhases = (
				9461CEFE2A8E7E040021598A /* Sources */,
				9461CEFF2A8E7E040021598A /* Frameworks */,
				9461CF002A8E7E040021598A /* Resources */,
			);
			buildRules = (
			);
			dependencies = (
			);
			name = RickAndMorty;
			productName = RickAndMorty;
			productReference = 9461CF022A8E7E040021598A /* RickAndMorty.app */;
			productType = "com.apple.product-type.application";
		};
/* End PBXNativeTarget section */

/* Begin PBXProject section */
		9461CEFA2A8E7E040021598A /* Project object */ = {
			isa = PBXProject;
			attributes = {
				BuildIndependentTargetsInParallel = 1;
				LastSwiftUpdateCheck = 1500;
				LastUpgradeCheck = 1500;
				TargetAttributes = {
					9461CF012A8E7E040021598A = {
						CreatedOnToolsVersion = 15.0;
					};
				};
			};
			buildConfigurationList = 9461CEFD2A8E7E040021598A /* Build configuration list for PBXProject "RickAndMorty" */;
			compatibilityVersion = "Xcode 14.0";
			developmentRegion = en;
			hasScannedForEncodings = 0;
			knownRegions = (
				en,
				Base,
			);
			mainGroup = 9461CEF92A8E7E040021598A;
			productRefGroup = 9461CF032A8E7E040021598A /* Products */;
			projectDirPath = "";
			projectRoot = "";
			targets = (
				9461CF012A8E7E040021598A /* RickAndMorty */,
			);
		};
/* End PBXProject section */

/* Begin PBXResourcesBuildPhase section */
		9461CF002A8E7E040021598A /* Resources */ = {
			isa = PBXResourcesBuildPhase;
			buildActionMask = 2147483647;
			files = (
				9461CF122A8E7E070021598A /* LaunchScreen.storyboard in Resources */,
				9461CF0F2A8E7E070021598A /* Assets.xcassets in Resources */,
			);
			runOnlyForDeploymentPostprocessing = 0;
		};
/* End PBXResourcesBuildPhase section */

/* Begin PBXSourcesBuildPhase section */
		9461CEFE2A8E7E040021598A /* Sources */ = {
			isa = PBXSourcesBuildPhase;
			buildActionMask = 2147483647;
			files = (
				9461CF2C2A8E83DC0021598A /* RMSettingsViewController.swift in Sources */,
				9461CF252A8E82700021598A /* RMEpisode.swift in Sources */,
				9461CF0A2A8E7E040021598A /* RMTabBarViewController.swift in Sources */,
				9461CF062A8E7E040021598A /* AppDelegate.swift in Sources */,
				9461CF082A8E7E040021598A /* SceneDelegate.swift in Sources */,
				9461CF212A8E822E0021598A /* RMLocation.swift in Sources */,
				9461CF2E2A8E85460021598A /* RMLocationViewController.swift in Sources */,
				9401B6782A8EB69B00F662EB /* RMService.swift in Sources */,
				9461CF232A8E82560021598A /* RMCharacter.swift in Sources */,
				9401B67C2A8EB7EC00F662EB /* RMEndpoint.swift in Sources */,
				9461CF282A8E838E0021598A /* RMCharacterViewController.swift in Sources */,
				9401B67A2A8EB6B500F662EB /* RMRequest.swift in Sources */,
				9461CF2A2A8E83B70021598A /* RMEpisodeViewController.swift in Sources */,
			);
			runOnlyForDeploymentPostprocessing = 0;
		};
/* End PBXSourcesBuildPhase section */

/* Begin PBXVariantGroup section */
		9461CF102A8E7E070021598A /* LaunchScreen.storyboard */ = {
			isa = PBXVariantGroup;
			children = (
				9461CF112A8E7E070021598A /* Base */,
			);
			name = LaunchScreen.storyboard;
			sourceTree = "<group>";
		};
/* End PBXVariantGroup section */

/* Begin XCBuildConfiguration section */
		9461CF142A8E7E070021598A /* Debug */ = {
			isa = XCBuildConfiguration;
			buildSettings = {
				ALWAYS_SEARCH_USER_PATHS = NO;
				ASSETCATALOG_COMPILER_GENERATE_SWIFT_ASSET_SYMBOL_EXTENSIONS = YES;
				CLANG_ANALYZER_NONNULL = YES;
				CLANG_ANALYZER_NUMBER_OBJECT_CONVERSION = YES_AGGRESSIVE;
				CLANG_CXX_LANGUAGE_STANDARD = "gnu++20";
				CLANG_ENABLE_MODULES = YES;
				CLANG_ENABLE_OBJC_ARC = YES;
				CLANG_ENABLE_OBJC_WEAK = YES;
				CLANG_WARN_BLOCK_CAPTURE_AUTORELEASING = YES;
				CLANG_WARN_BOOL_CONVERSION = YES;
				CLANG_WARN_COMMA = YES;
				CLANG_WARN_CONSTANT_CONVERSION = YES;
				CLANG_WARN_DEPRECATED_OBJC_IMPLEMENTATIONS = YES;
				CLANG_WARN_DIRECT_OBJC_ISA_USAGE = YES_ERROR;
				CLANG_WARN_DOCUMENTATION_COMMENTS = YES;
				CLANG_WARN_EMPTY_BODY = YES;
				CLANG_WARN_ENUM_CONVERSION = YES;
				CLANG_WARN_INFINITE_RECURSION = YES;
				CLANG_WARN_INT_CONVERSION = YES;
				CLANG_WARN_NON_LITERAL_NULL_CONVERSION = YES;
				CLANG_WARN_OBJC_IMPLICIT_RETAIN_SELF = YES;
				CLANG_WARN_OBJC_LITERAL_CONVERSION = YES;
				CLANG_WARN_OBJC_ROOT_CLASS = YES_ERROR;
				CLANG_WARN_QUOTED_INCLUDE_IN_FRAMEWORK_HEADER = YES;
				CLANG_WARN_RANGE_LOOP_ANALYSIS = YES;
				CLANG_WARN_STRICT_PROTOTYPES = YES;
				CLANG_WARN_SUSPICIOUS_MOVE = YES;
				CLANG_WARN_UNGUARDED_AVAILABILITY = YES_AGGRESSIVE;
				CLANG_WARN_UNREACHABLE_CODE = YES;
				CLANG_WARN__DUPLICATE_METHOD_MATCH = YES;
				COPY_PHASE_STRIP = NO;
				DEBUG_INFORMATION_FORMAT = dwarf;
				ENABLE_STRICT_OBJC_MSGSEND = YES;
				ENABLE_TESTABILITY = YES;
				ENABLE_USER_SCRIPT_SANDBOXING = YES;
				GCC_C_LANGUAGE_STANDARD = gnu17;
				GCC_DYNAMIC_NO_PIC = NO;
				GCC_NO_COMMON_BLOCKS = YES;
				GCC_OPTIMIZATION_LEVEL = 0;
				GCC_PREPROCESSOR_DEFINITIONS = (
					"DEBUG=1",
					"$(inherited)",
				);
				GCC_WARN_64_TO_32_BIT_CONVERSION = YES;
				GCC_WARN_ABOUT_RETURN_TYPE = YES_ERROR;
				GCC_WARN_UNDECLARED_SELECTOR = YES;
				GCC_WARN_UNINITIALIZED_AUTOS = YES_AGGRESSIVE;
				GCC_WARN_UNUSED_FUNCTION = YES;
				GCC_WARN_UNUSED_VARIABLE = YES;
				IPHONEOS_DEPLOYMENT_TARGET = 17.0;
				LOCALIZATION_PREFERS_STRING_CATALOGS = YES;
				MTL_ENABLE_DEBUG_INFO = INCLUDE_SOURCE;
				MTL_FAST_MATH = YES;
				ONLY_ACTIVE_ARCH = YES;
				SDKROOT = iphoneos;
				SWIFT_ACTIVE_COMPILATION_CONDITIONS = "DEBUG $(inherited)";
				SWIFT_OPTIMIZATION_LEVEL = "-Onone";
			};
			name = Debug;
		};
		9461CF152A8E7E070021598A /* Release */ = {
			isa = XCBuildConfiguration;
			buildSettings = {
				ALWAYS_SEARCH_USER_PATHS = NO;
				ASSETCATALOG_COMPILER_GENERATE_SWIFT_ASSET_SYMBOL_EXTENSIONS = YES;
				CLANG_ANALYZER_NONNULL = YES;
				CLANG_ANALYZER_NUMBER_OBJECT_CONVERSION = YES_AGGRESSIVE;
				CLANG_CXX_LANGUAGE_STANDARD = "gnu++20";
				CLANG_ENABLE_MODULES = YES;
				CLANG_ENABLE_OBJC_ARC = YES;
				CLANG_ENABLE_OBJC_WEAK = YES;
				CLANG_WARN_BLOCK_CAPTURE_AUTORELEASING = YES;
				CLANG_WARN_BOOL_CONVERSION = YES;
				CLANG_WARN_COMMA = YES;
				CLANG_WARN_CONSTANT_CONVERSION = YES;
				CLANG_WARN_DEPRECATED_OBJC_IMPLEMENTATIONS = YES;
				CLANG_WARN_DIRECT_OBJC_ISA_USAGE = YES_ERROR;
				CLANG_WARN_DOCUMENTATION_COMMENTS = YES;
				CLANG_WARN_EMPTY_BODY = YES;
				CLANG_WARN_ENUM_CONVERSION = YES;
				CLANG_WARN_INFINITE_RECURSION = YES;
				CLANG_WARN_INT_CONVERSION = YES;
				CLANG_WARN_NON_LITERAL_NULL_CONVERSION = YES;
				CLANG_WARN_OBJC_IMPLICIT_RETAIN_SELF = YES;
				CLANG_WARN_OBJC_LITERAL_CONVERSION = YES;
				CLANG_WARN_OBJC_ROOT_CLASS = YES_ERROR;
				CLANG_WARN_QUOTED_INCLUDE_IN_FRAMEWORK_HEADER = YES;
				CLANG_WARN_RANGE_LOOP_ANALYSIS = YES;
				CLANG_WARN_STRICT_PROTOTYPES = YES;
				CLANG_WARN_SUSPICIOUS_MOVE = YES;
				CLANG_WARN_UNGUARDED_AVAILABILITY = YES_AGGRESSIVE;
				CLANG_WARN_UNREACHABLE_CODE = YES;
				CLANG_WARN__DUPLICATE_METHOD_MATCH = YES;
				COPY_PHASE_STRIP = NO;
				DEBUG_INFORMATION_FORMAT = "dwarf-with-dsym";
				ENABLE_NS_ASSERTIONS = NO;
				ENABLE_STRICT_OBJC_MSGSEND = YES;
				ENABLE_USER_SCRIPT_SANDBOXING = YES;
				GCC_C_LANGUAGE_STANDARD = gnu17;
				GCC_NO_COMMON_BLOCKS = YES;
				GCC_WARN_64_TO_32_BIT_CONVERSION = YES;
				GCC_WARN_ABOUT_RETURN_TYPE = YES_ERROR;
				GCC_WARN_UNDECLARED_SELECTOR = YES;
				GCC_WARN_UNINITIALIZED_AUTOS = YES_AGGRESSIVE;
				GCC_WARN_UNUSED_FUNCTION = YES;
				GCC_WARN_UNUSED_VARIABLE = YES;
				IPHONEOS_DEPLOYMENT_TARGET = 17.0;
				LOCALIZATION_PREFERS_STRING_CATALOGS = YES;
				MTL_ENABLE_DEBUG_INFO = NO;
				MTL_FAST_MATH = YES;
				SDKROOT = iphoneos;
				SWIFT_COMPILATION_MODE = wholemodule;
				VALIDATE_PRODUCT = YES;
			};
			name = Release;
		};
		9461CF172A8E7E080021598A /* Debug */ = {
			isa = XCBuildConfiguration;
			buildSettings = {
				ASSETCATALOG_COMPILER_APPICON_NAME = AppIcon;
				ASSETCATALOG_COMPILER_GLOBAL_ACCENT_COLOR_NAME = AccentColor;
				CODE_SIGN_STYLE = Automatic;
				CURRENT_PROJECT_VERSION = 1;
				DEVELOPMENT_TEAM = 88L8T8SBN4;
				GENERATE_INFOPLIST_FILE = YES;
				INFOPLIST_FILE = RickAndMorty/Info.plist;
				INFOPLIST_KEY_UIApplicationSupportsIndirectInputEvents = YES;
				INFOPLIST_KEY_UILaunchStoryboardName = LaunchScreen;
				INFOPLIST_KEY_UISupportedInterfaceOrientations_iPad = "UIInterfaceOrientationPortrait UIInterfaceOrientationPortraitUpsideDown UIInterfaceOrientationLandscapeLeft UIInterfaceOrientationLandscapeRight";
				INFOPLIST_KEY_UISupportedInterfaceOrientations_iPhone = "UIInterfaceOrientationPortrait UIInterfaceOrientationLandscapeLeft UIInterfaceOrientationLandscapeRight";
				LD_RUNPATH_SEARCH_PATHS = (
					"$(inherited)",
					"@executable_path/Frameworks",
				);
				MARKETING_VERSION = 1.0;
				PRODUCT_BUNDLE_IDENTIFIER = com.gadaaCoding.RickAndMorty;
				PRODUCT_NAME = "$(TARGET_NAME)";
				SWIFT_EMIT_LOC_STRINGS = YES;
				SWIFT_VERSION = 5.0;
				TARGETED_DEVICE_FAMILY = "1,2";
			};
			name = Debug;
		};
		9461CF182A8E7E080021598A /* Release */ = {
			isa = XCBuildConfiguration;
			buildSettings = {
				ASSETCATALOG_COMPILER_APPICON_NAME = AppIcon;
				ASSETCATALOG_COMPILER_GLOBAL_ACCENT_COLOR_NAME = AccentColor;
				CODE_SIGN_STYLE = Automatic;
				CURRENT_PROJECT_VERSION = 1;
				DEVELOPMENT_TEAM = 88L8T8SBN4;
				GENERATE_INFOPLIST_FILE = YES;
				INFOPLIST_FILE = RickAndMorty/Info.plist;
				INFOPLIST_KEY_UIApplicationSupportsIndirectInputEvents = YES;
				INFOPLIST_KEY_UILaunchStoryboardName = LaunchScreen;
				INFOPLIST_KEY_UISupportedInterfaceOrientations_iPad = "UIInterfaceOrientationPortrait UIInterfaceOrientationPortraitUpsideDown UIInterfaceOrientationLandscapeLeft UIInterfaceOrientationLandscapeRight";
				INFOPLIST_KEY_UISupportedInterfaceOrientations_iPhone = "UIInterfaceOrientationPortrait UIInterfaceOrientationLandscapeLeft UIInterfaceOrientationLandscapeRight";
				LD_RUNPATH_SEARCH_PATHS = (
					"$(inherited)",
					"@executable_path/Frameworks",
				);
				MARKETING_VERSION = 1.0;
				PRODUCT_BUNDLE_IDENTIFIER = com.gadaaCoding.RickAndMorty;
				PRODUCT_NAME = "$(TARGET_NAME)";
				SWIFT_EMIT_LOC_STRINGS = YES;
				SWIFT_VERSION = 5.0;
				TARGETED_DEVICE_FAMILY = "1,2";
			};
			name = Release;
		};
/* End XCBuildConfiguration section */

/* Begin XCConfigurationList section */
		9461CEFD2A8E7E040021598A /* Build configuration list for PBXProject "RickAndMorty" */ = {
			isa = XCConfigurationList;
			buildConfigurations = (
				9461CF142A8E7E070021598A /* Debug */,
				9461CF152A8E7E070021598A /* Release */,
			);
			defaultConfigurationIsVisible = 0;
			defaultConfigurationName = Release;
		};
		9461CF162A8E7E080021598A /* Build configuration list for PBXNativeTarget "RickAndMorty" */ = {
			isa = XCConfigurationList;
			buildConfigurations = (
				9461CF172A8E7E080021598A /* Debug */,
				9461CF182A8E7E080021598A /* Release */,
			);
			defaultConfigurationIsVisible = 0;
			defaultConfigurationName = Release;
		};
/* End XCConfigurationList section */
	};
	rootObject = 9461CEFA2A8E7E040021598A /* Project object */;
}
